<?xml version="1.0" encoding="utf-8"?>
<Project ToolsVersion="4.0" xmlns="http://schemas.microsoft.com/developer/msbuild/2003">
  <ItemGroup>
    <ClCompile Include="controller.cpp" />
    <ClCompile Include="main.cpp" />
    <ClCompile Include="CMUgraphicsLib\auxil.cpp">
      <Filter>GraphicsLib</Filter>
    </ClCompile>
    <ClCompile Include="CMUgraphicsLib\image.cpp">
      <Filter>GraphicsLib</Filter>
    </ClCompile>
    <ClCompile Include="CMUgraphicsLib\jpeg\jcomapi.c">
      <Filter>GraphicsLib</Filter>
    </ClCompile>
    <ClCompile Include="CMUgraphicsLib\jpeg\jcparam.c">
      <Filter>GraphicsLib</Filter>
    </ClCompile>
    <ClCompile Include="CMUgraphicsLib\jpeg\jdapimin.c">
      <Filter>GraphicsLib</Filter>
    </ClCompile>
    <ClCompile Include="CMUgraphicsLib\jpeg\jdapistd.c">
      <Filter>GraphicsLib</Filter>
    </ClCompile>
    <ClCompile Include="CMUgraphicsLib\jpeg\jdatasrc.c">
      <Filter>GraphicsLib</Filter>
    </ClCompile>
    <ClCompile Include="CMUgraphicsLib\jpeg\jdcoefct.c">
      <Filter>GraphicsLib</Filter>
    </ClCompile>
    <ClCompile Include="CMUgraphicsLib\jpeg\jdcolor.c">
      <Filter>GraphicsLib</Filter>
    </ClCompile>
    <ClCompile Include="CMUgraphicsLib\jpeg\jddctmgr.c">
      <Filter>GraphicsLib</Filter>
    </ClCompile>
    <ClCompile Include="CMUgraphicsLib\jpeg\jdhuff.c">
      <Filter>GraphicsLib</Filter>
    </ClCompile>
    <ClCompile Include="CMUgraphicsLib\jpeg\jdinput.c">
      <Filter>GraphicsLib</Filter>
    </ClCompile>
    <ClCompile Include="CMUgraphicsLib\jpeg\jdmainct.c">
      <Filter>GraphicsLib</Filter>
    </ClCompile>
    <ClCompile Include="CMUgraphicsLib\jpeg\jdmarker.c">
      <Filter>GraphicsLib</Filter>
    </ClCompile>
    <ClCompile Include="CMUgraphicsLib\jpeg\jdmaster.c">
      <Filter>GraphicsLib</Filter>
    </ClCompile>
    <ClCompile Include="CMUgraphicsLib\jpeg\jdmerge.c">
      <Filter>GraphicsLib</Filter>
    </ClCompile>
    <ClCompile Include="CMUgraphicsLib\jpeg\jdphuff.c">
      <Filter>GraphicsLib</Filter>
    </ClCompile>
    <ClCompile Include="CMUgraphicsLib\jpeg\jdpostct.c">
      <Filter>GraphicsLib</Filter>
    </ClCompile>
    <ClCompile Include="CMUgraphicsLib\jpeg\jdsample.c">
      <Filter>GraphicsLib</Filter>
    </ClCompile>
    <ClCompile Include="CMUgraphicsLib\jpeg\jdtrans.c">
      <Filter>GraphicsLib</Filter>
    </ClCompile>
    <ClCompile Include="CMUgraphicsLib\jpeg\jerror.c">
      <Filter>GraphicsLib</Filter>
    </ClCompile>
    <ClCompile Include="CMUgraphicsLib\jpeg\jidctflt.c">
      <Filter>GraphicsLib</Filter>
    </ClCompile>
    <ClCompile Include="CMUgraphicsLib\jpeg\jidctfst.c">
      <Filter>GraphicsLib</Filter>
    </ClCompile>
    <ClCompile Include="CMUgraphicsLib\jpeg\jidctint.c">
      <Filter>GraphicsLib</Filter>
    </ClCompile>
    <ClCompile Include="CMUgraphicsLib\jpeg\jidctred.c">
      <Filter>GraphicsLib</Filter>
    </ClCompile>
    <ClCompile Include="CMUgraphicsLib\jpeg\jmemmgr.c">
      <Filter>GraphicsLib</Filter>
    </ClCompile>
    <ClCompile Include="CMUgraphicsLib\jpeg\jmemnobs.c">
      <Filter>GraphicsLib</Filter>
    </ClCompile>
    <ClCompile Include="CMUgraphicsLib\jpegload.c">
      <Filter>GraphicsLib</Filter>
    </ClCompile>
    <ClCompile Include="CMUgraphicsLib\jpeg\jquant1.c">
      <Filter>GraphicsLib</Filter>
    </ClCompile>
    <ClCompile Include="CMUgraphicsLib\jpeg\jquant2.c">
      <Filter>GraphicsLib</Filter>
    </ClCompile>
    <ClCompile Include="CMUgraphicsLib\jpeg\jutils.c">
      <Filter>GraphicsLib</Filter>
    </ClCompile>
    <ClCompile Include="CMUgraphicsLib\keyqueue.cpp">
      <Filter>GraphicsLib</Filter>
    </ClCompile>
    <ClCompile Include="CMUgraphicsLib\mousequeue.cpp">
      <Filter>GraphicsLib</Filter>
    </ClCompile>
    <ClCompile Include="CMUgraphicsLib\windowinput.cpp">
      <Filter>GraphicsLib</Filter>
    </ClCompile>
    <ClCompile Include="operations\opAddRect.cpp">
      <Filter>Operations</Filter>
    </ClCompile>
    <ClCompile Include="CMUgraphicsLib\CMUgraphics.cpp">
      <Filter>GraphicsLib</Filter>
    </ClCompile>
    <ClCompile Include="GUI\GUI.cpp">
      <Filter>GUI</Filter>
    </ClCompile>
    <ClCompile Include="opAddPolygon.cpp">
      <Filter>Operations</Filter>
    </ClCompile>
    <ClCompile Include="opAddIrrPolygon.cpp">
      <Filter>Operations</Filter>
    </ClCompile>
    <ClCompile Include="opAddPlayMode.cpp">
      <Filter>Operations</Filter>
    </ClCompile>
    <ClCompile Include="opAddColorPalette.cpp">
      <Filter>Operations</Filter>
    </ClCompile>
    <ClCompile Include="opAddDrawMode.cpp">
      <Filter>Operations</Filter>
    </ClCompile>
    <ClCompile Include="opChangeFill.cpp">
      <Filter>Operations</Filter>
    </ClCompile>
    <ClCompile Include="oppAddTriangle.cpp">
      <Filter>Operations</Filter>
    </ClCompile>
    <ClCompile Include="opDelete.cpp">
      <Filter>Operations</Filter>
    </ClCompile>
    <ClCompile Include="opAddSquare.cpp">
      <Filter>Operations</Filter>
    </ClCompile>
    <ClCompile Include="opAddLine.cpp">
      <Filter>Operations</Filter>
    </ClCompile>
    <ClCompile Include="opAddCircle.cpp">
      <Filter>Operations</Filter>
    </ClCompile>
    <ClCompile Include="opStick.cpp">
      <Filter>Operations</Filter>
    </ClCompile>
    <ClCompile Include="opSelect.cpp">
      <Filter>Operations</Filter>
    </ClCompile>
    <ClCompile Include="opSave.cpp">
      <Filter>Operations</Filter>
    </ClCompile>
    <ClCompile Include="opLoad.cpp">
      <Filter>Operations</Filter>
    </ClCompile>
    <ClCompile Include="opExit.cpp">
      <Filter>Operations</Filter>
    </ClCompile>
    <ClCompile Include="opRotate.cpp">
      <Filter>Operations</Filter>
    </ClCompile>
    <ClCompile Include="opResize.cpp">
      <Filter>Operations</Filter>
    </ClCompile>
    <ClCompile Include="opMove.cpp">
      <Filter>Operations</Filter>
    </ClCompile>
    <ClCompile Include="opScrample.cpp">
      <Filter>Operations</Filter>
    </ClCompile>
    <ClCompile Include="opUndo.cpp" />
    <ClCompile Include="opRedo.cpp" />
    <ClCompile Include="opChangePenColor.cpp">
      <Filter>Operations</Filter>
    </ClCompile>
    <ClCompile Include="opZoomIn.cpp" />
    <ClCompile Include="opZoomOut.cpp" />
    <ClCompile Include="matchShapes.cpp" />
    <ClCompile Include="Hide.cpp" />
    <ClCompile Include="UnHide.cpp" />
    <ClCompile Include="Circle.cpp">
      <Filter>Shapes&amp;Graph</Filter>
    </ClCompile>
    <ClCompile Include="ColorPalette.cpp">
      <Filter>Shapes&amp;Graph</Filter>
    </ClCompile>
    <ClCompile Include="Shapes\Graph.cpp">
      <Filter>Shapes&amp;Graph</Filter>
    </ClCompile>
    <ClCompile Include="IrrPoly.cpp">
      <Filter>Shapes&amp;Graph</Filter>
    </ClCompile>
    <ClCompile Include="Line.cpp">
      <Filter>Shapes&amp;Graph</Filter>
    </ClCompile>
    <ClCompile Include="Poly.cpp">
      <Filter>Shapes&amp;Graph</Filter>
    </ClCompile>
    <ClCompile Include="Shapes\Rect.cpp">
      <Filter>Shapes&amp;Graph</Filter>
    </ClCompile>
    <ClCompile Include="Shapes\Shape.cpp">
      <Filter>Shapes&amp;Graph</Filter>
    </ClCompile>
    <ClCompile Include="SImage.cpp">
      <Filter>Shapes&amp;Graph</Filter>
    </ClCompile>
    <ClCompile Include="Square.cpp">
      <Filter>Shapes&amp;Graph</Filter>
    </ClCompile>
    <ClCompile Include="Triangle.cpp">
      <Filter>Shapes&amp;Graph</Filter>
    </ClCompile>
  </ItemGroup>
  <ItemGroup>
    <ClInclude Include="controller.h" />
    <ClInclude Include="DEFS.h" />
    <ClInclude Include="CMUgraphicsLib\auxil.h">
      <Filter>GraphicsLib</Filter>
    </ClInclude>
    <ClInclude Include="CMUgraphicsLib\error.h">
      <Filter>GraphicsLib</Filter>
    </ClInclude>
    <ClInclude Include="CMUgraphicsLib\image.h">
      <Filter>GraphicsLib</Filter>
    </ClInclude>
    <ClInclude Include="CMUgraphicsLib\jpeg\jconfig.h">
      <Filter>GraphicsLib</Filter>
    </ClInclude>
    <ClInclude Include="CMUgraphicsLib\jpeg\jdct.h">
      <Filter>GraphicsLib</Filter>
    </ClInclude>
    <ClInclude Include="CMUgraphicsLib\jpeg\jdhuff.h">
      <Filter>GraphicsLib</Filter>
    </ClInclude>
    <ClInclude Include="CMUgraphicsLib\jpeg\jerror.h">
      <Filter>GraphicsLib</Filter>
    </ClInclude>
    <ClInclude Include="CMUgraphicsLib\jpeg\jinclude.h">
      <Filter>GraphicsLib</Filter>
    </ClInclude>
    <ClInclude Include="CMUgraphicsLib\jpeg\jmemsys.h">
      <Filter>GraphicsLib</Filter>
    </ClInclude>
    <ClInclude Include="CMUgraphicsLib\jpeg\jmorecfg.h">
      <Filter>GraphicsLib</Filter>
    </ClInclude>
    <ClInclude Include="CMUgraphicsLib\jpeg\jpegint.h">
      <Filter>GraphicsLib</Filter>
    </ClInclude>
    <ClInclude Include="CMUgraphicsLib\jpeg\jpeglib.h">
      <Filter>GraphicsLib</Filter>
    </ClInclude>
    <ClInclude Include="CMUgraphicsLib\jpegload.h">
      <Filter>GraphicsLib</Filter>
    </ClInclude>
    <ClInclude Include="CMUgraphicsLib\jpeg\jversion.h">
      <Filter>GraphicsLib</Filter>
    </ClInclude>
    <ClInclude Include="CMUgraphicsLib\keyqueue.h">
      <Filter>GraphicsLib</Filter>
    </ClInclude>
    <ClInclude Include="CMUgraphicsLib\mousequeue.h">
      <Filter>GraphicsLib</Filter>
    </ClInclude>
    <ClInclude Include="CMUgraphicsLib\version.h">
      <Filter>GraphicsLib</Filter>
    </ClInclude>
    <ClInclude Include="CMUgraphicsLib\windowinput.h">
      <Filter>GraphicsLib</Filter>
    </ClInclude>
    <ClInclude Include="operations\operation.h">
      <Filter>Operations</Filter>
    </ClInclude>
    <ClInclude Include="operations\opAddRect.h">
      <Filter>Operations</Filter>
    </ClInclude>
    <ClInclude Include="CMUgraphicsLib\CMUgraphics.h">
      <Filter>GraphicsLib</Filter>
    </ClInclude>
    <ClInclude Include="CMUgraphicsLib\colors.h">
      <Filter>GraphicsLib</Filter>
    </ClInclude>
    <ClInclude Include="GUI\GUI.h">
      <Filter>GUI</Filter>
    </ClInclude>
    <ClInclude Include="resource.h" />
    <ClInclude Include="opAddPolygon.h">
      <Filter>Operations</Filter>
    </ClInclude>
    <ClInclude Include="opAddIrrPolygon.h">
      <Filter>Operations</Filter>
    </ClInclude>
    <ClInclude Include="opAddPlayMode.h">
      <Filter>Operations</Filter>
    </ClInclude>
    <ClInclude Include="opAddColorPalette.h">
      <Filter>Operations</Filter>
    </ClInclude>
    <ClInclude Include="opAddDrawMode.h">
      <Filter>Operations</Filter>
    </ClInclude>
    <ClInclude Include="opChangeFill.h">
      <Filter>Operations</Filter>
    </ClInclude>
    <ClInclude Include="oppAddTriangle.h">
      <Filter>Operations</Filter>
    </ClInclude>
    <ClInclude Include="opDelete.h">
      <Filter>Operations</Filter>
    </ClInclude>
    <ClInclude Include="opAddSquare.h">
      <Filter>Operations</Filter>
    </ClInclude>
    <ClInclude Include="opAddLine.h">
      <Filter>Operations</Filter>
    </ClInclude>
    <ClInclude Include="opAddCircle.h">
      <Filter>Operations</Filter>
    </ClInclude>
    <ClInclude Include="opSelect.h">
      <Filter>Operations</Filter>
    </ClInclude>
    <ClInclude Include="opSave.h">
      <Filter>Operations</Filter>
    </ClInclude>
    <ClInclude Include="opLoad.h">
      <Filter>Operations</Filter>
    </ClInclude>
    <ClInclude Include="opStick.h">
      <Filter>Operations</Filter>
    </ClInclude>
    <ClInclude Include="opExit.h">
      <Filter>Operations</Filter>
    </ClInclude>
    <ClInclude Include="opRotate.h">
      <Filter>Operations</Filter>
    </ClInclude>
    <ClInclude Include="opResize.h">
      <Filter>Operations</Filter>
    </ClInclude>
    <ClInclude Include="opMove.h">
      <Filter>Operations</Filter>
    </ClInclude>
    <ClInclude Include="opScrample.h">
      <Filter>Operations</Filter>
    </ClInclude>
    <ClInclude Include="ColorPalette.h" />
    <ClInclude Include="opRedo.h" />
    <ClInclude Include="opUndo.h" />
    <ClInclude Include="opChangePenColor.h">
      <Filter>Operations</Filter>
    </ClInclude>
    <ClInclude Include="opZoomIn.h" />
    <ClInclude Include="opZoomOut.h" />
    <ClInclude Include="matchShapes.h" />
    <ClInclude Include="Hide.h" />
    <ClInclude Include="UnHide.h" />
    <ClInclude Include="Circle.h">
      <Filter>Shapes&amp;Graph</Filter>
    </ClInclude>
    <ClInclude Include="Shapes\Graph.h">
      <Filter>Shapes&amp;Graph</Filter>
    </ClInclude>
    <ClInclude Include="IrrPoly.h">
      <Filter>Shapes&amp;Graph</Filter>
    </ClInclude>
    <ClInclude Include="Line.h">
      <Filter>Shapes&amp;Graph</Filter>
    </ClInclude>
    <ClInclude Include="Poly.h">
      <Filter>Shapes&amp;Graph</Filter>
    </ClInclude>
    <ClInclude Include="Shapes\Rect.h">
      <Filter>Shapes&amp;Graph</Filter>
    </ClInclude>
    <ClInclude Include="Shapes\Shape.h">
      <Filter>Shapes&amp;Graph</Filter>
    </ClInclude>
    <ClInclude Include="SImage.h">
      <Filter>Shapes&amp;Graph</Filter>
    </ClInclude>
    <ClInclude Include="Square.h">
      <Filter>Shapes&amp;Graph</Filter>
    </ClInclude>
    <ClInclude Include="Triangle.h">
      <Filter>Shapes&amp;Graph</Filter>
    </ClInclude>
  </ItemGroup>
  <ItemGroup>
    <Filter Include="Operations">
      <UniqueIdentifier>{5b559cbb-08f2-4197-993f-7a3028ee6b52}</UniqueIdentifier>
    </Filter>
    <Filter Include="GraphicsLib">
      <UniqueIdentifier>{c076192c-7f4c-49d2-a595-55ff119d3ef7}</UniqueIdentifier>
    </Filter>
    <Filter Include="GUI">
      <UniqueIdentifier>{cc4dfad3-3220-4da0-a755-b6f30c107ea1}</UniqueIdentifier>
    </Filter>
    <Filter Include="Shapes&amp;Graph">
      <UniqueIdentifier>{5e150dff-8a89-44f3-b58a-731df9cea925}</UniqueIdentifier>
    </Filter>
  </ItemGroup>
  <ItemGroup>
    <ResourceCompile Include="CIE202-project.rc" />
  </ItemGroup>
  <ItemGroup>
    <None Include="ClassDiagram.cd" />
  </ItemGroup>
</Project>